// !$*UTF8*$!
{
	archiveVersion = 1;
	classes = {
	};
	objectVersion = 50;
	objects = {

/* Begin PBXBuildFile section */
		B92026BB264E5F6D005BDA19 /* AppDelegate.swift in Sources */ = {isa = PBXBuildFile; fileRef = B92026BA264E5F6D005BDA19 /* AppDelegate.swift */; };
		B92026BD264E5F6D005BDA19 /* SceneDelegate.swift in Sources */ = {isa = PBXBuildFile; fileRef = B92026BC264E5F6D005BDA19 /* SceneDelegate.swift */; };
		B92026C4264E5F6D005BDA19 /* Assets.xcassets in Resources */ = {isa = PBXBuildFile; fileRef = B92026C3264E5F6D005BDA19 /* Assets.xcassets */; };
		B92026C7264E5F6D005BDA19 /* LaunchScreen.storyboard in Resources */ = {isa = PBXBuildFile; fileRef = B92026C5264E5F6D005BDA19 /* LaunchScreen.storyboard */; };
		B92026D0264E7AB7005BDA19 /* SearchVC.swift in Sources */ = {isa = PBXBuildFile; fileRef = B92026CF264E7AB7005BDA19 /* SearchVC.swift */; };
		B92026D2264E7B19005BDA19 /* FavoritesListVC.swift in Sources */ = {isa = PBXBuildFile; fileRef = B92026D1264E7B19005BDA19 /* FavoritesListVC.swift */; };
		B92026D5264ED549005BDA19 /* GFButton.swift in Sources */ = {isa = PBXBuildFile; fileRef = B92026D4264ED549005BDA19 /* GFButton.swift */; };
		B92026D7264EDA11005BDA19 /* GFTextField.swift in Sources */ = {isa = PBXBuildFile; fileRef = B92026D6264EDA11005BDA19 /* GFTextField.swift */; };
/* End PBXBuildFile section */

/* Begin PBXFileReference section */
		B92026B7264E5F6D005BDA19 /* GithubFollowers.app */ = {isa = PBXFileReference; explicitFileType = wrapper.application; includeInIndex = 0; path = GithubFollowers.app; sourceTree = BUILT_PRODUCTS_DIR; };
		B92026BA264E5F6D005BDA19 /* AppDelegate.swift */ = {isa = PBXFileReference; lastKnownFileType = sourcecode.swift; path = AppDelegate.swift; sourceTree = "<group>"; };
		B92026BC264E5F6D005BDA19 /* SceneDelegate.swift */ = {isa = PBXFileReference; lastKnownFileType = sourcecode.swift; path = SceneDelegate.swift; sourceTree = "<group>"; };
		B92026C3264E5F6D005BDA19 /* Assets.xcassets */ = {isa = PBXFileReference; lastKnownFileType = folder.assetcatalog; path = Assets.xcassets; sourceTree = "<group>"; };
		B92026C6264E5F6D005BDA19 /* Base */ = {isa = PBXFileReference; lastKnownFileType = file.storyboard; name = Base; path = Base.lproj/LaunchScreen.storyboard; sourceTree = "<group>"; };
		B92026C8264E5F6D005BDA19 /* Info.plist */ = {isa = PBXFileReference; lastKnownFileType = text.plist.xml; path = Info.plist; sourceTree = "<group>"; };
		B92026CF264E7AB7005BDA19 /* SearchVC.swift */ = {isa = PBXFileReference; lastKnownFileType = sourcecode.swift; path = SearchVC.swift; sourceTree = "<group>"; };
		B92026D1264E7B19005BDA19 /* FavoritesListVC.swift */ = {isa = PBXFileReference; lastKnownFileType = sourcecode.swift; path = FavoritesListVC.swift; sourceTree = "<group>"; };
		B92026D4264ED549005BDA19 /* GFButton.swift */ = {isa = PBXFileReference; lastKnownFileType = sourcecode.swift; path = GFButton.swift; sourceTree = "<group>"; };
		B92026D6264EDA11005BDA19 /* GFTextField.swift */ = {isa = PBXFileReference; lastKnownFileType = sourcecode.swift; path = GFTextField.swift; sourceTree = "<group>"; };
/* End PBXFileReference section */

/* Begin PBXFrameworksBuildPhase section */
		B92026B4264E5F6D005BDA19 /* Frameworks */ = {
			isa = PBXFrameworksBuildPhase;
			buildActionMask = 2147483647;
			files = (
			);
			runOnlyForDeploymentPostprocessing = 0;
		};
/* End PBXFrameworksBuildPhase section */

/* Begin PBXGroup section */
		B92026AE264E5F6D005BDA19 = {
			isa = PBXGroup;
			children = (
				B92026B9264E5F6D005BDA19 /* GithubFollowers */,
				B92026B8264E5F6D005BDA19 /* Products */,
			);
			sourceTree = "<group>";
		};
		B92026B8264E5F6D005BDA19 /* Products */ = {
			isa = PBXGroup;
			children = (
				B92026B7264E5F6D005BDA19 /* GithubFollowers.app */,
			);
			name = Products;
			sourceTree = "<group>";
		};
		B92026B9264E5F6D005BDA19 /* GithubFollowers */ = {
			isa = PBXGroup;
			children = (
				B92026D3264ED507005BDA19 /* Custom Views */,
				B92026CE264E7A89005BDA19 /* Controller */,
				B92026BA264E5F6D005BDA19 /* AppDelegate.swift */,
				B92026BC264E5F6D005BDA19 /* SceneDelegate.swift */,
				B92026C3264E5F6D005BDA19 /* Assets.xcassets */,
				B92026C5264E5F6D005BDA19 /* LaunchScreen.storyboard */,
				B92026C8264E5F6D005BDA19 /* Info.plist */,
			);
			path = GithubFollowers;
			sourceTree = "<group>";
		};
		B92026CE264E7A89005BDA19 /* Controller */ = {
			isa = PBXGroup;
			children = (
				B92026CF264E7AB7005BDA19 /* SearchVC.swift */,
				B92026D1264E7B19005BDA19 /* FavoritesListVC.swift */,
			);
			path = Controller;
			sourceTree = "<group>";
		};
		B92026D3264ED507005BDA19 /* Custom Views */ = {
			isa = PBXGroup;
			children = (
				B92026D4264ED549005BDA19 /* GFButton.swift */,
				B92026D6264EDA11005BDA19 /* GFTextField.swift */,
			);
			path = "Custom Views";
			sourceTree = "<group>";
		};
/* End PBXGroup section */

/* Begin PBXNativeTarget section */
		B92026B6264E5F6D005BDA19 /* GithubFollowers */ = {
			isa = PBXNativeTarget;
			buildConfigurationList = B92026CB264E5F6D005BDA19 /* Build configuration list for PBXNativeTarget "GithubFollowers" */;
			buildPhases = (
				B92026B3264E5F6D005BDA19 /* Sources */,
				B92026B4264E5F6D005BDA19 /* Frameworks */,
				B92026B5264E5F6D005BDA19 /* Resources */,
			);
			buildRules = (
			);
			dependencies = (
			);
			name = GithubFollowers;
			productName = GithubFollowers;
			productReference = B92026B7264E5F6D005BDA19 /* GithubFollowers.app */;
			productType = "com.apple.product-type.application";
		};
/* End PBXNativeTarget section */

/* Begin PBXProject section */
		B92026AF264E5F6D005BDA19 /* Project object */ = {
			isa = PBXProject;
			attributes = {
				LastSwiftUpdateCheck = 1250;
				LastUpgradeCheck = 1250;
				TargetAttributes = {
					B92026B6264E5F6D005BDA19 = {
						CreatedOnToolsVersion = 12.5;
					};
				};
			};
			buildConfigurationList = B92026B2264E5F6D005BDA19 /* Build configuration list for PBXProject "GithubFollowers" */;
			compatibilityVersion = "Xcode 9.3";
			developmentRegion = en;
			hasScannedForEncodings = 0;
			knownRegions = (
				en,
				Base,
			);
			mainGroup = B92026AE264E5F6D005BDA19;
			productRefGroup = B92026B8264E5F6D005BDA19 /* Products */;
			projectDirPath = "";
			projectRoot = "";
			targets = (
				B92026B6264E5F6D005BDA19 /* GithubFollowers */,
			);
		};
/* End PBXProject section */

/* Begin PBXResourcesBuildPhase section */
		B92026B5264E5F6D005BDA19 /* Resources */ = {
			isa = PBXResourcesBuildPhase;
			buildActionMask = 2147483647;
			files = (
				B92026C7264E5F6D005BDA19 /* LaunchScreen.storyboard in Resources */,
				B92026C4264E5F6D005BDA19 /* Assets.xcassets in Resources */,
			);
			runOnlyForDeploymentPostprocessing = 0;
		};
/* End PBXResourcesBuildPhase section */

/* Begin PBXSourcesBuildPhase section */
		B92026B3264E5F6D005BDA19 /* Sources */ = {
			isa = PBXSourcesBuildPhase;
			buildActionMask = 2147483647;
			files = (
				B92026D7264EDA11005BDA19 /* GFTextField.swift in Sources */,
				B92026D2264E7B19005BDA19 /* FavoritesListVC.swift in Sources */,
				B92026D5264ED549005BDA19 /* GFButton.swift in Sources */,
				B92026D0264E7AB7005BDA19 /* SearchVC.swift in Sources */,
				B92026BB264E5F6D005BDA19 /* AppDelegate.swift in Sources */,
				B92026BD264E5F6D005BDA19 /* SceneDelegate.swift in Sources */,
			);
			runOnlyForDeploymentPostprocessing = 0;
		};
/* End PBXSourcesBuildPhase section */

/* Begin PBXVariantGroup section */
		B92026C5264E5F6D005BDA19 /* LaunchScreen.storyboard */ = {
			isa = PBXVariantGroup;
			children = (
				B92026C6264E5F6D005BDA19 /* Base */,
			);
			name = LaunchScreen.storyboard;
			sourceTree = "<group>";
		};
/* End PBXVariantGroup section */

/* Begin XCBuildConfiguration section */
		B92026C9264E5F6D005BDA19 /* Debug */ = {
			isa = XCBuildConfiguration;
			buildSettings = {
				ALWAYS_SEARCH_USER_PATHS = NO;
				CLANG_ANALYZER_NONNULL = YES;
				CLANG_ANALYZER_NUMBER_OBJECT_CONVERSION = YES_AGGRESSIVE;
				CLANG_CXX_LANGUAGE_STANDARD = "gnu++14";
				CLANG_CXX_LIBRARY = "libc++";
				CLANG_ENABLE_MODULES = YES;
				CLANG_ENABLE_OBJC_ARC = YES;
				CLANG_ENABLE_OBJC_WEAK = YES;
				CLANG_WARN_BLOCK_CAPTURE_AUTORELEASING = YES;
				CLANG_WARN_BOOL_CONVERSION = YES;
				CLANG_WARN_COMMA = YES;
				CLANG_WARN_CONSTANT_CONVERSION = YES;
				CLANG_WARN_DEPRECATED_OBJC_IMPLEMENTATIONS = YES;
				CLANG_WARN_DIRECT_OBJC_ISA_USAGE = YES_ERROR;
				CLANG_WARN_DOCUMENTATION_COMMENTS = YES;
				CLANG_WARN_EMPTY_BODY = YES;
				CLANG_WARN_ENUM_CONVERSION = YES;
				CLANG_WARN_INFINITE_RECURSION = YES;
				CLANG_WARN_INT_CONVERSION = YES;
				CLANG_WARN_NON_LITERAL_NULL_CONVERSION = YES;
				CLANG_WARN_OBJC_IMPLICIT_RETAIN_SELF = YES;
				CLANG_WARN_OBJC_LITERAL_CONVERSION = YES;
				CLANG_WARN_OBJC_ROOT_CLASS = YES_ERROR;
				CLANG_WARN_QUOTED_INCLUDE_IN_FRAMEWORK_HEADER = YES;
				CLANG_WARN_RANGE_LOOP_ANALYSIS = YES;
				CLANG_WARN_STRICT_PROTOTYPES = YES;
				CLANG_WARN_SUSPICIOUS_MOVE = YES;
				CLANG_WARN_UNGUARDED_AVAILABILITY = YES_AGGRESSIVE;
				CLANG_WARN_UNREACHABLE_CODE = YES;
				CLANG_WARN__DUPLICATE_METHOD_MATCH = YES;
				COPY_PHASE_STRIP = NO;
				DEBUG_INFORMATION_FORMAT = dwarf;
				ENABLE_STRICT_OBJC_MSGSEND = YES;
				ENABLE_TESTABILITY = YES;
				GCC_C_LANGUAGE_STANDARD = gnu11;
				GCC_DYNAMIC_NO_PIC = NO;
				GCC_NO_COMMON_BLOCKS = YES;
				GCC_OPTIMIZATION_LEVEL = 0;
				GCC_PREPROCESSOR_DEFINITIONS = (
					"DEBUG=1",
					"$(inherited)",
				);
				GCC_WARN_64_TO_32_BIT_CONVERSION = YES;
				GCC_WARN_ABOUT_RETURN_TYPE = YES_ERROR;
				GCC_WARN_UNDECLARED_SELECTOR = YES;
				GCC_WARN_UNINITIALIZED_AUTOS = YES_AGGRESSIVE;
				GCC_WARN_UNUSED_FUNCTION = YES;
				GCC_WARN_UNUSED_VARIABLE = YES;
				IPHONEOS_DEPLOYMENT_TARGET = 14.5;
				MTL_ENABLE_DEBUG_INFO = INCLUDE_SOURCE;
				MTL_FAST_MATH = YES;
				ONLY_ACTIVE_ARCH = YES;
				SDKROOT = iphoneos;
				SWIFT_ACTIVE_COMPILATION_CONDITIONS = DEBUG;
				SWIFT_OPTIMIZATION_LEVEL = "-Onone";
			};
			name = Debug;
		};
		B92026CA264E5F6D005BDA19 /* Release */ = {
			isa = XCBuildConfiguration;
			buildSettings = {
				ALWAYS_SEARCH_USER_PATHS = NO;
				CLANG_ANALYZER_NONNULL = YES;
				CLANG_ANALYZER_NUMBER_OBJECT_CONVERSION = YES_AGGRESSIVE;
				CLANG_CXX_LANGUAGE_STANDARD = "gnu++14";
				CLANG_CXX_LIBRARY = "libc++";
				CLANG_ENABLE_MODULES = YES;
				CLANG_ENABLE_OBJC_ARC = YES;
				CLANG_ENABLE_OBJC_WEAK = YES;
				CLANG_WARN_BLOCK_CAPTURE_AUTORELEASING = YES;
				CLANG_WARN_BOOL_CONVERSION = YES;
				CLANG_WARN_COMMA = YES;
				CLANG_WARN_CONSTANT_CONVERSION = YES;
				CLANG_WARN_DEPRECATED_OBJC_IMPLEMENTATIONS = YES;
				CLANG_WARN_DIRECT_OBJC_ISA_USAGE = YES_ERROR;
				CLANG_WARN_DOCUMENTATION_COMMENTS = YES;
				CLANG_WARN_EMPTY_BODY = YES;
				CLANG_WARN_ENUM_CONVERSION = YES;
				CLANG_WARN_INFINITE_RECURSION = YES;
				CLANG_WARN_INT_CONVERSION = YES;
				CLANG_WARN_NON_LITERAL_NULL_CONVERSION = YES;
				CLANG_WARN_OBJC_IMPLICIT_RETAIN_SELF = YES;
				CLANG_WARN_OBJC_LITERAL_CONVERSION = YES;
				CLANG_WARN_OBJC_ROOT_CLASS = YES_ERROR;
				CLANG_WARN_QUOTED_INCLUDE_IN_FRAMEWORK_HEADER = YES;
				CLANG_WARN_RANGE_LOOP_ANALYSIS = YES;
				CLANG_WARN_STRICT_PROTOTYPES = YES;
				CLANG_WARN_SUSPICIOUS_MOVE = YES;
				CLANG_WARN_UNGUARDED_AVAILABILITY = YES_AGGRESSIVE;
				CLANG_WARN_UNREACHABLE_CODE = YES;
				CLANG_WARN__DUPLICATE_METHOD_MATCH = YES;
				COPY_PHASE_STRIP = NO;
				DEBUG_INFORMATION_FORMAT = "dwarf-with-dsym";
				ENABLE_NS_ASSERTIONS = NO;
				ENABLE_STRICT_OBJC_MSGSEND = YES;
				GCC_C_LANGUAGE_STANDARD = gnu11;
				GCC_NO_COMMON_BLOCKS = YES;
				GCC_WARN_64_TO_32_BIT_CONVERSION = YES;
				GCC_WARN_ABOUT_RETURN_TYPE = YES_ERROR;
				GCC_WARN_UNDECLARED_SELECTOR = YES;
				GCC_WARN_UNINITIALIZED_AUTOS = YES_AGGRESSIVE;
				GCC_WARN_UNUSED_FUNCTION = YES;
				GCC_WARN_UNUSED_VARIABLE = YES;
				IPHONEOS_DEPLOYMENT_TARGET = 14.5;
				MTL_ENABLE_DEBUG_INFO = NO;
				MTL_FAST_MATH = YES;
				SDKROOT = iphoneos;
				SWIFT_COMPILATION_MODE = wholemodule;
				SWIFT_OPTIMIZATION_LEVEL = "-O";
				VALIDATE_PRODUCT = YES;
			};
			name = Release;
		};
		B92026CC264E5F6D005BDA19 /* Debug */ = {
			isa = XCBuildConfiguration;
			buildSettings = {
				ASSETCATALOG_COMPILER_APPICON_NAME = AppIcon;
				ASSETCATALOG_COMPILER_GLOBAL_ACCENT_COLOR_NAME = AccentColor;
				CODE_SIGN_STYLE = Automatic;
				DEVELOPMENT_TEAM = Q659HB4U5Q;
				INFOPLIST_FILE = GithubFollowers/Info.plist;
				LD_RUNPATH_SEARCH_PATHS = (
					"$(inherited)",
					"@executable_path/Frameworks",
				);
				PRODUCT_BUNDLE_IDENTIFIER = project.GithubFollowers;
				PRODUCT_NAME = "$(TARGET_NAME)";
				SWIFT_VERSION = 5.0;
				TARGETED_DEVICE_FAMILY = 1;
			};
			name = Debug;
		};
		B92026CD264E5F6D005BDA19 /* Release */ = {
			isa = XCBuildConfiguration;
			buildSettings = {
				ASSETCATALOG_COMPILER_APPICON_NAME = AppIcon;
				ASSETCATALOG_COMPILER_GLOBAL_ACCENT_COLOR_NAME = AccentColor;
				CODE_SIGN_STYLE = Automatic;
				DEVELOPMENT_TEAM = Q659HB4U5Q;
				INFOPLIST_FILE = GithubFollowers/Info.plist;
				LD_RUNPATH_SEARCH_PATHS = (
					"$(inherited)",
					"@executable_path/Frameworks",
				);
				PRODUCT_BUNDLE_IDENTIFIER = project.GithubFollowers;
				PRODUCT_NAME = "$(TARGET_NAME)";
				SWIFT_VERSION = 5.0;
				TARGETED_DEVICE_FAMILY = 1;
			};
			name = Release;
		};
/* End XCBuildConfiguration section */

/* Begin XCConfigurationList section */
		B92026B2264E5F6D005BDA19 /* Build configuration list for PBXProject "GithubFollowers" */ = {
			isa = XCConfigurationList;
			buildConfigurations = (
				B92026C9264E5F6D005BDA19 /* Debug */,
				B92026CA264E5F6D005BDA19 /* Release */,
			);
			defaultConfigurationIsVisible = 0;
			defaultConfigurationName = Release;
		};
		B92026CB264E5F6D005BDA19 /* Build configuration list for PBXNativeTarget "GithubFollowers" */ = {
			isa = XCConfigurationList;
			buildConfigurations = (
				B92026CC264E5F6D005BDA19 /* Debug */,
				B92026CD264E5F6D005BDA19 /* Release */,
			);
			defaultConfigurationIsVisible = 0;
			defaultConfigurationName = Release;
		};
/* End XCConfigurationList section */
	};
	rootObject = B92026AF264E5F6D005BDA19 /* Project object */;
}
